
Microsoft Visual Studio Solution File, Format Version 12.00
# Visual Studio Version 16
VisualStudioVersion = 16.0.810.17
MinimumVisualStudioVersion = 10.0.40219.1
Project("{FAE04EC0-301F-11D3-BF4B-00C04F79EFBC}") = "FridayExam", "FridayExam\FridayExam.csproj", "{6163E85E-071C-4ADE-9C64-AC00815579FD}"
EndProject
Global
	GlobalSection(SolutionConfigurationPlatforms) = preSolution
		Debug|Any CPU = Debug|Any CPU
		Release|Any CPU = Release|Any CPU
	EndGlobalSection
	GlobalSection(ProjectConfigurationPlatforms) = postSolution
		{6163E85E-071C-4ADE-9C64-AC00815579FD}.Debug|Any CPU.ActiveCfg = Debug|Any CPU
		{6163E85E-071C-4ADE-9C64-AC00815579FD}.Debug|Any CPU.Build.0 = Debug|Any CPU
		{6163E85E-071C-4ADE-9C64-AC00815579FD}.Release|Any CPU.ActiveCfg = Release|Any CPU
		{6163E85E-071C-4ADE-9C64-AC00815579FD}.Release|Any CPU.Build.0 = Release|Any CPU
	EndGlobalSection
	GlobalSection(SolutionProperties) = preSolution
		HideSolutionNode = FALSE
	EndGlobalSection
	GlobalSection(ExtensibilityGlobals) = postSolution
		SolutionGuid = {F39AC4EF-0BFE-4AD1-BCD5-C47EDB12C057}
	EndGlobalSection
EndGlobal
